
Microsoft Visual Studio Solution File, Format Version 12.00
# Visual Studio Version 17
VisualStudioVersion = 17.12.35728.132 d17.12
MinimumVisualStudioVersion = 10.0.40219.1
Project("{FAE04EC0-301F-11D3-BF4B-00C04F79EFBC}") = "Wypozyczalnia1", "Wypozyczalnia1\Wypozyczalnia1.csproj", "{FACBA2A4-9001-4D76-A4F9-CE66E5294533}"
EndProject
Global
	GlobalSection(SolutionConfigurationPlatforms) = preSolution
		Debug|Any CPU = Debug|Any CPU
		Release|Any CPU = Release|Any CPU
	EndGlobalSection
	GlobalSection(ProjectConfigurationPlatforms) = postSolution
		{FACBA2A4-9001-4D76-A4F9-CE66E5294533}.Debug|Any CPU.ActiveCfg = Debug|Any CPU
		{FACBA2A4-9001-4D76-A4F9-CE66E5294533}.Debug|Any CPU.Build.0 = Debug|Any CPU
		{FACBA2A4-9001-4D76-A4F9-CE66E5294533}.Release|Any CPU.ActiveCfg = Release|Any CPU
		{FACBA2A4-9001-4D76-A4F9-CE66E5294533}.Release|Any CPU.Build.0 = Release|Any CPU
	EndGlobalSection
	GlobalSection(SolutionProperties) = preSolution
		HideSolutionNode = FALSE
	EndGlobalSection
EndGlobal
